
Microsoft Visual Studio Solution File, Format Version 12.00
# Visual Studio Version 16
VisualStudioVersion = 16.0.31205.134
MinimumVisualStudioVersion = 10.0.40219.1
Project("{FAE04EC0-301F-11D3-BF4B-00C04F79EFBC}") = "Office365FiddlerInspector", "Office365FiddlerInspector\Office365FiddlerInspector.csproj", "{5D9F84F0-77F3-45F5-8DA9-C89DB69BD643}"
EndProject
Project("{54435603-DBB4-11D2-8724-00A0C9A8B90C}") = "Office365FiddlerExtensionInstaller", "Office365FiddlerExtensionInstaller\Office365FiddlerExtensionInstaller.vdproj", "{659B5E48-E737-42A6-93E1-E04E778190EF}"
EndProject
Global
	GlobalSection(SolutionConfigurationPlatforms) = preSolution
		Debug|Any CPU = Debug|Any CPU
		Release|Any CPU = Release|Any CPU
	EndGlobalSection
	GlobalSection(ProjectConfigurationPlatforms) = postSolution
		{5D9F84F0-77F3-45F5-8DA9-C89DB69BD643}.Debug|Any CPU.ActiveCfg = Release|Any CPU
		{5D9F84F0-77F3-45F5-8DA9-C89DB69BD643}.Debug|Any CPU.Build.0 = Release|Any CPU
		{5D9F84F0-77F3-45F5-8DA9-C89DB69BD643}.Release|Any CPU.ActiveCfg = Release|Any CPU
		{5D9F84F0-77F3-45F5-8DA9-C89DB69BD643}.Release|Any CPU.Build.0 = Release|Any CPU
		{659B5E48-E737-42A6-93E1-E04E778190EF}.Debug|Any CPU.ActiveCfg = Release
		{659B5E48-E737-42A6-93E1-E04E778190EF}.Release|Any CPU.ActiveCfg = Release
	EndGlobalSection
	GlobalSection(SolutionProperties) = preSolution
		HideSolutionNode = FALSE
	EndGlobalSection
	GlobalSection(ExtensibilityGlobals) = postSolution
		SolutionGuid = {E0E98F08-5699-4E57-A6FE-C720BEA7DC13}
	EndGlobalSection
EndGlobal
